
Microsoft Visual Studio Solution File, Format Version 12.00
# Visual Studio Version 17
VisualStudioVersion = 17.5.33530.505
MinimumVisualStudioVersion = 10.0.40219.1
Project("{FAE04EC0-301F-11D3-BF4B-00C04F79EFBC}") = "ProblemsSolutions", "ProblemsSolutions\ProblemsSolutions.csproj", "{ADFB705F-603B-44CE-83FB-DA7FF361086F}"
EndProject
Project("{2150E333-8FDC-42A3-9474-1A3956D46DE8}") = "Solution Items", "Solution Items", "{05D96812-1977-4211-B1E2-1B2B43B8F6AB}"
	ProjectSection(SolutionItems) = preProject
		.editorconfig = .editorconfig
	EndProjectSection
EndProject
Global
	GlobalSection(SolutionConfigurationPlatforms) = preSolution
		Debug|Any CPU = Debug|Any CPU
		Release|Any CPU = Release|Any CPU
	EndGlobalSection
	GlobalSection(ProjectConfigurationPlatforms) = postSolution
		{ADFB705F-603B-44CE-83FB-DA7FF361086F}.Debug|Any CPU.ActiveCfg = Debug|Any CPU
		{ADFB705F-603B-44CE-83FB-DA7FF361086F}.Debug|Any CPU.Build.0 = Debug|Any CPU
		{ADFB705F-603B-44CE-83FB-DA7FF361086F}.Release|Any CPU.ActiveCfg = Release|Any CPU
		{ADFB705F-603B-44CE-83FB-DA7FF361086F}.Release|Any CPU.Build.0 = Release|Any CPU
	EndGlobalSection
	GlobalSection(SolutionProperties) = preSolution
		HideSolutionNode = FALSE
	EndGlobalSection
	GlobalSection(ExtensibilityGlobals) = postSolution
		SolutionGuid = {EA6C2657-F60A-413D-9CD1-63C9059A4683}
	EndGlobalSection
EndGlobal
